// !$*UTF8*$!
{
	archiveVersion = 1;
	classes = {
	};
	objectVersion = 48;
	objects = {

/* Begin PBXBuildFile section */
		394FA11620493F7500652643 /* AppDelegate.m in Sources */ = {isa = PBXBuildFile; fileRef = 394FA11520493F7500652643 /* AppDelegate.m */; };
		394FA11920493F7500652643 /* ViewController.m in Sources */ = {isa = PBXBuildFile; fileRef = 394FA11820493F7500652643 /* ViewController.m */; };
		394FA11C20493F7500652643 /* Main.storyboard in Resources */ = {isa = PBXBuildFile; fileRef = 394FA11A20493F7500652643 /* Main.storyboard */; };
		394FA11E20493F7500652643 /* Assets.xcassets in Resources */ = {isa = PBXBuildFile; fileRef = 394FA11D20493F7500652643 /* Assets.xcassets */; };
		394FA12120493F7500652643 /* LaunchScreen.storyboard in Resources */ = {isa = PBXBuildFile; fileRef = 394FA11F20493F7500652643 /* LaunchScreen.storyboard */; };
		394FA12420493F7500652643 /* main.m in Sources */ = {isa = PBXBuildFile; fileRef = 394FA12320493F7500652643 /* main.m */; };
		394FA12E20493F7500652643 /* SHINNDesignTests.m in Sources */ = {isa = PBXBuildFile; fileRef = 394FA12D20493F7500652643 /* SHINNDesignTests.m */; };
		394FA13920493F7500652643 /* SHINNDesignUITests.m in Sources */ = {isa = PBXBuildFile; fileRef = 394FA13820493F7500652643 /* SHINNDesignUITests.m */; };
/* End PBXBuildFile section */

/* Begin PBXContainerItemProxy section */
		394FA12A20493F7500652643 /* PBXContainerItemProxy */ = {
			isa = PBXContainerItemProxy;
			containerPortal = 394FA10920493F7400652643 /* Project object */;
			proxyType = 1;
			remoteGlobalIDString = 394FA11020493F7400652643;
			remoteInfo = SHINNDesign;
		};
		394FA13520493F7500652643 /* PBXContainerItemProxy */ = {
			isa = PBXContainerItemProxy;
			containerPortal = 394FA10920493F7400652643 /* Project object */;
			proxyType = 1;
			remoteGlobalIDString = 394FA11020493F7400652643;
			remoteInfo = SHINNDesign;
		};
/* End PBXContainerItemProxy section */

/* Begin PBXFileReference section */
		394FA11120493F7400652643 /* SHINNDesign.app */ = {isa = PBXFileReference; explicitFileType = wrapper.application; includeInIndex = 0; path = SHINNDesign.app; sourceTree = BUILT_PRODUCTS_DIR; };
		394FA11420493F7400652643 /* AppDelegate.h */ = {isa = PBXFileReference; lastKnownFileType = sourcecode.c.h; path = AppDelegate.h; sourceTree = "<group>"; };
		394FA11520493F7500652643 /* AppDelegate.m */ = {isa = PBXFileReference; lastKnownFileType = sourcecode.c.objc; path = AppDelegate.m; sourceTree = "<group>"; };
		394FA11720493F7500652643 /* ViewController.h */ = {isa = PBXFileReference; lastKnownFileType = sourcecode.c.h; path = ViewController.h; sourceTree = "<group>"; };
		394FA11820493F7500652643 /* ViewController.m */ = {isa = PBXFileReference; lastKnownFileType = sourcecode.c.objc; path = ViewController.m; sourceTree = "<group>"; };
		394FA11B20493F7500652643 /* Base */ = {isa = PBXFileReference; lastKnownFileType = file.storyboard; name = Base; path = Base.lproj/Main.storyboard; sourceTree = "<group>"; };
		394FA11D20493F7500652643 /* Assets.xcassets */ = {isa = PBXFileReference; lastKnownFileType = folder.assetcatalog; path = Assets.xcassets; sourceTree = "<group>"; };
		394FA12020493F7500652643 /* Base */ = {isa = PBXFileReference; lastKnownFileType = file.storyboard; name = Base; path = Base.lproj/LaunchScreen.storyboard; sourceTree = "<group>"; };
		394FA12220493F7500652643 /* Info.plist */ = {isa = PBXFileReference; lastKnownFileType = text.plist.xml; path = Info.plist; sourceTree = "<group>"; };
		394FA12320493F7500652643 /* main.m */ = {isa = PBXFileReference; lastKnownFileType = sourcecode.c.objc; path = main.m; sourceTree = "<group>"; };
		394FA12920493F7500652643 /* SHINNDesignTests.xctest */ = {isa = PBXFileReference; explicitFileType = wrapper.cfbundle; includeInIndex = 0; path = SHINNDesignTests.xctest; sourceTree = BUILT_PRODUCTS_DIR; };
		394FA12D20493F7500652643 /* SHINNDesignTests.m */ = {isa = PBXFileReference; lastKnownFileType = sourcecode.c.objc; path = SHINNDesignTests.m; sourceTree = "<group>"; };
		394FA12F20493F7500652643 /* Info.plist */ = {isa = PBXFileReference; lastKnownFileType = text.plist.xml; path = Info.plist; sourceTree = "<group>"; };
		394FA13420493F7500652643 /* SHINNDesignUITests.xctest */ = {isa = PBXFileReference; explicitFileType = wrapper.cfbundle; includeInIndex = 0; path = SHINNDesignUITests.xctest; sourceTree = BUILT_PRODUCTS_DIR; };
		394FA13820493F7500652643 /* SHINNDesignUITests.m */ = {isa = PBXFileReference; lastKnownFileType = sourcecode.c.objc; path = SHINNDesignUITests.m; sourceTree = "<group>"; };
		394FA13A20493F7500652643 /* Info.plist */ = {isa = PBXFileReference; lastKnownFileType = text.plist.xml; path = Info.plist; sourceTree = "<group>"; };
/* End PBXFileReference section */

/* Begin PBXFrameworksBuildPhase section */
		394FA10E20493F7400652643 /* Frameworks */ = {
			isa = PBXFrameworksBuildPhase;
			buildActionMask = 2147483647;
			files = (
			);
			runOnlyForDeploymentPostprocessing = 0;
		};
		394FA12620493F7500652643 /* Frameworks */ = {
			isa = PBXFrameworksBuildPhase;
			buildActionMask = 2147483647;
			files = (
			);
			runOnlyForDeploymentPostprocessing = 0;
		};
		394FA13120493F7500652643 /* Frameworks */ = {
			isa = PBXFrameworksBuildPhase;
			buildActionMask = 2147483647;
			files = (
			);
			runOnlyForDeploymentPostprocessing = 0;
		};
/* End PBXFrameworksBuildPhase section */

/* Begin PBXGroup section */
		394FA10820493F7400652643 = {
			isa = PBXGroup;
			children = (
				394FA11320493F7400652643 /* SHINNDesign */,
				394FA12C20493F7500652643 /* SHINNDesignTests */,
				394FA13720493F7500652643 /* SHINNDesignUITests */,
				394FA11220493F7400652643 /* Products */,
			);
			sourceTree = "<group>";
		};
		394FA11220493F7400652643 /* Products */ = {
			isa = PBXGroup;
			children = (
				394FA11120493F7400652643 /* SHINNDesign.app */,
				394FA12920493F7500652643 /* SHINNDesignTests.xctest */,
				394FA13420493F7500652643 /* SHINNDesignUITests.xctest */,
			);
			name = Products;
			sourceTree = "<group>";
		};
		394FA11320493F7400652643 /* SHINNDesign */ = {
			isa = PBXGroup;
			children = (
				394FA11420493F7400652643 /* AppDelegate.h */,
				394FA11520493F7500652643 /* AppDelegate.m */,
				394FA11720493F7500652643 /* ViewController.h */,
				394FA11820493F7500652643 /* ViewController.m */,
				394FA11A20493F7500652643 /* Main.storyboard */,
				394FA11D20493F7500652643 /* Assets.xcassets */,
				394FA11F20493F7500652643 /* LaunchScreen.storyboard */,
				394FA12220493F7500652643 /* Info.plist */,
				394FA12320493F7500652643 /* main.m */,
			);
			path = SHINNDesign;
			sourceTree = "<group>";
		};
		394FA12C20493F7500652643 /* SHINNDesignTests */ = {
			isa = PBXGroup;
			children = (
				394FA12D20493F7500652643 /* SHINNDesignTests.m */,
				394FA12F20493F7500652643 /* Info.plist */,
			);
			path = SHINNDesignTests;
			sourceTree = "<group>";
		};
		394FA13720493F7500652643 /* SHINNDesignUITests */ = {
			isa = PBXGroup;
			children = (
				394FA13820493F7500652643 /* SHINNDesignUITests.m */,
				394FA13A20493F7500652643 /* Info.plist */,
			);
			path = SHINNDesignUITests;
			sourceTree = "<group>";
		};
/* End PBXGroup section */

/* Begin PBXNativeTarget section */
		394FA11020493F7400652643 /* SHINNDesign */ = {
			isa = PBXNativeTarget;
			buildConfigurationList = 394FA13D20493F7500652643 /* Build configuration list for PBXNativeTarget "SHINNDesign" */;
			buildPhases = (
				394FA10D20493F7400652643 /* Sources */,
				394FA10E20493F7400652643 /* Frameworks */,
				394FA10F20493F7400652643 /* Resources */,
			);
			buildRules = (
			);
			dependencies = (
			);
			name = SHINNDesign;
			productName = SHINNDesign;
			productReference = 394FA11120493F7400652643 /* SHINNDesign.app */;
			productType = "com.apple.product-type.application";
		};
		394FA12820493F7500652643 /* SHINNDesignTests */ = {
			isa = PBXNativeTarget;
			buildConfigurationList = 394FA14020493F7500652643 /* Build configuration list for PBXNativeTarget "SHINNDesignTests" */;
			buildPhases = (
				394FA12520493F7500652643 /* Sources */,
				394FA12620493F7500652643 /* Frameworks */,
				394FA12720493F7500652643 /* Resources */,
			);
			buildRules = (
			);
			dependencies = (
				394FA12B20493F7500652643 /* PBXTargetDependency */,
			);
			name = SHINNDesignTests;
			productName = SHINNDesignTests;
			productReference = 394FA12920493F7500652643 /* SHINNDesignTests.xctest */;
			productType = "com.apple.product-type.bundle.unit-test";
		};
		394FA13320493F7500652643 /* SHINNDesignUITests */ = {
			isa = PBXNativeTarget;
			buildConfigurationList = 394FA14320493F7500652643 /* Build configuration list for PBXNativeTarget "SHINNDesignUITests" */;
			buildPhases = (
				394FA13020493F7500652643 /* Sources */,
				394FA13120493F7500652643 /* Frameworks */,
				394FA13220493F7500652643 /* Resources */,
			);
			buildRules = (
			);
			dependencies = (
				394FA13620493F7500652643 /* PBXTargetDependency */,
			);
			name = SHINNDesignUITests;
			productName = SHINNDesignUITests;
			productReference = 394FA13420493F7500652643 /* SHINNDesignUITests.xctest */;
			productType = "com.apple.product-type.bundle.ui-testing";
		};
/* End PBXNativeTarget section */

/* Begin PBXProject section */
		394FA10920493F7400652643 /* Project object */ = {
			isa = PBXProject;
			attributes = {
				LastUpgradeCheck = 0920;
				ORGANIZATIONNAME = nana;
				TargetAttributes = {
					394FA11020493F7400652643 = {
						CreatedOnToolsVersion = 9.2;
						ProvisioningStyle = Automatic;
					};
					394FA12820493F7500652643 = {
						CreatedOnToolsVersion = 9.2;
						ProvisioningStyle = Automatic;
						TestTargetID = 394FA11020493F7400652643;
					};
					394FA13320493F7500652643 = {
						CreatedOnToolsVersion = 9.2;
						ProvisioningStyle = Automatic;
						TestTargetID = 394FA11020493F7400652643;
					};
				};
			};
			buildConfigurationList = 394FA10C20493F7400652643 /* Build configuration list for PBXProject "SHINNDesign" */;
			compatibilityVersion = "Xcode 8.0";
			developmentRegion = en;
			hasScannedForEncodings = 0;
			knownRegions = (
				en,
				Base,
			);
			mainGroup = 394FA10820493F7400652643;
			productRefGroup = 394FA11220493F7400652643 /* Products */;
			projectDirPath = "";
			projectRoot = "";
			targets = (
				394FA11020493F7400652643 /* SHINNDesign */,
				394FA12820493F7500652643 /* SHINNDesignTests */,
				394FA13320493F7500652643 /* SHINNDesignUITests */,
			);
		};
/* End PBXProject section */

/* Begin PBXResourcesBuildPhase section */
		394FA10F20493F7400652643 /* Resources */ = {
			isa = PBXResourcesBuildPhase;
			buildActionMask = 2147483647;
			files = (
				394FA12120493F7500652643 /* LaunchScreen.storyboard in Resources */,
				394FA11E20493F7500652643 /* Assets.xcassets in Resources */,
				394FA11C20493F7500652643 /* Main.storyboard in Resources */,
			);
			runOnlyForDeploymentPostprocessing = 0;
		};
		394FA12720493F7500652643 /* Resources */ = {
			isa = PBXResourcesBuildPhase;
			buildActionMask = 2147483647;
			files = (
			);
			runOnlyForDeploymentPostprocessing = 0;
		};
		394FA13220493F7500652643 /* Resources */ = {
			isa = PBXResourcesBuildPhase;
			buildActionMask = 2147483647;
			files = (
			);
			runOnlyForDeploymentPostprocessing = 0;
		};
/* End PBXResourcesBuildPhase section */

/* Begin PBXSourcesBuildPhase section */
		394FA10D20493F7400652643 /* Sources */ = {
			isa = PBXSourcesBuildPhase;
			buildActionMask = 2147483647;
			files = (
				394FA11920493F7500652643 /* ViewController.m in Sources */,
				394FA12420493F7500652643 /* main.m in Sources */,
				394FA11620493F7500652643 /* AppDelegate.m in Sources */,
			);
			runOnlyForDeploymentPostprocessing = 0;
		};
		394FA12520493F7500652643 /* Sources */ = {
			isa = PBXSourcesBuildPhase;
			buildActionMask = 2147483647;
			files = (
				394FA12E20493F7500652643 /* SHINNDesignTests.m in Sources */,
			);
			runOnlyForDeploymentPostprocessing = 0;
		};
		394FA13020493F7500652643 /* Sources */ = {
			isa = PBXSourcesBuildPhase;
			buildActionMask = 2147483647;
			files = (
				394FA13920493F7500652643 /* SHINNDesignUITests.m in Sources */,
			);
			runOnlyForDeploymentPostprocessing = 0;
		};
/* End PBXSourcesBuildPhase section */

/* Begin PBXTargetDependency section */
		394FA12B20493F7500652643 /* PBXTargetDependency */ = {
			isa = PBXTargetDependency;
			target = 394FA11020493F7400652643 /* SHINNDesign */;
			targetProxy = 394FA12A20493F7500652643 /* PBXContainerItemProxy */;
		};
		394FA13620493F7500652643 /* PBXTargetDependency */ = {
			isa = PBXTargetDependency;
			target = 394FA11020493F7400652643 /* SHINNDesign */;
			targetProxy = 394FA13520493F7500652643 /* PBXContainerItemProxy */;
		};
/* End PBXTargetDependency section */

/* Begin PBXVariantGroup section */
		394FA11A20493F7500652643 /* Main.storyboard */ = {
			isa = PBXVariantGroup;
			children = (
				394FA11B20493F7500652643 /* Base */,
			);
			name = Main.storyboard;
			sourceTree = "<group>";
		};
		394FA11F20493F7500652643 /* LaunchScreen.storyboard */ = {
			isa = PBXVariantGroup;
			children = (
				394FA12020493F7500652643 /* Base */,
			);
			name = LaunchScreen.storyboard;
			sourceTree = "<group>";
		};
/* End PBXVariantGroup section */

/* Begin XCBuildConfiguration section */
		394FA13B20493F7500652643 /* Debug */ = {
			isa = XCBuildConfiguration;
			buildSettings = {
				ALWAYS_SEARCH_USER_PATHS = NO;
				CLANG_ANALYZER_NONNULL = YES;
				CLANG_ANALYZER_NUMBER_OBJECT_CONVERSION = YES_AGGRESSIVE;
				CLANG_CXX_LANGUAGE_STANDARD = "gnu++14";
				CLANG_CXX_LIBRARY = "libc++";
				CLANG_ENABLE_MODULES = YES;
				CLANG_ENABLE_OBJC_ARC = YES;
				CLANG_WARN_BLOCK_CAPTURE_AUTORELEASING = YES;
				CLANG_WARN_BOOL_CONVERSION = YES;
				CLANG_WARN_COMMA = YES;
				CLANG_WARN_CONSTANT_CONVERSION = YES;
				CLANG_WARN_DIRECT_OBJC_ISA_USAGE = YES_ERROR;
				CLANG_WARN_DOCUMENTATION_COMMENTS = YES;
				CLANG_WARN_EMPTY_BODY = YES;
				CLANG_WARN_ENUM_CONVERSION = YES;
				CLANG_WARN_INFINITE_RECURSION = YES;
				CLANG_WARN_INT_CONVERSION = YES;
				CLANG_WARN_NON_LITERAL_NULL_CONVERSION = YES;
				CLANG_WARN_OBJC_LITERAL_CONVERSION = YES;
				CLANG_WARN_OBJC_ROOT_CLASS = YES_ERROR;
				CLANG_WARN_RANGE_LOOP_ANALYSIS = YES;
				CLANG_WARN_STRICT_PROTOTYPES = YES;
				CLANG_WARN_SUSPICIOUS_MOVE = YES;
				CLANG_WARN_UNGUARDED_AVAILABILITY = YES_AGGRESSIVE;
				CLANG_WARN_UNREACHABLE_CODE = YES;
				CLANG_WARN__DUPLICATE_METHOD_MATCH = YES;
				CODE_SIGN_IDENTITY = "iPhone Developer";
				COPY_PHASE_STRIP = NO;
				DEBUG_INFORMATION_FORMAT = dwarf;
				ENABLE_STRICT_OBJC_MSGSEND = YES;
				ENABLE_TESTABILITY = YES;
				GCC_C_LANGUAGE_STANDARD = gnu11;
				GCC_DYNAMIC_NO_PIC = NO;
				GCC_NO_COMMON_BLOCKS = YES;
				GCC_OPTIMIZATION_LEVEL = 0;
				GCC_PREPROCESSOR_DEFINITIONS = (
					"DEBUG=1",
					"$(inherited)",
				);
				GCC_WARN_64_TO_32_BIT_CONVERSION = YES;
				GCC_WARN_ABOUT_RETURN_TYPE = YES_ERROR;
				GCC_WARN_UNDECLARED_SELECTOR = YES;
				GCC_WARN_UNINITIALIZED_AUTOS = YES_AGGRESSIVE;
				GCC_WARN_UNUSED_FUNCTION = YES;
				GCC_WARN_UNUSED_VARIABLE = YES;
				IPHONEOS_DEPLOYMENT_TARGET = 11.2;
				MTL_ENABLE_DEBUG_INFO = YES;
				ONLY_ACTIVE_ARCH = YES;
				SDKROOT = iphoneos;
			};
			name = Debug;
		};
		394FA13C20493F7500652643 /* Release */ = {
			isa = XCBuildConfiguration;
			buildSettings = {
				ALWAYS_SEARCH_USER_PATHS = NO;
				CLANG_ANALYZER_NONNULL = YES;
				CLANG_ANALYZER_NUMBER_OBJECT_CONVERSION = YES_AGGRESSIVE;
				CLANG_CXX_LANGUAGE_STANDARD = "gnu++14";
				CLANG_CXX_LIBRARY = "libc++";
				CLANG_ENABLE_MODULES = YES;
				CLANG_ENABLE_OBJC_ARC = YES;
				CLANG_WARN_BLOCK_CAPTURE_AUTORELEASING = YES;
				CLANG_WARN_BOOL_CONVERSION = YES;
				CLANG_WARN_COMMA = YES;
				CLANG_WARN_CONSTANT_CONVERSION = YES;
				CLANG_WARN_DIRECT_OBJC_ISA_USAGE = YES_ERROR;
				CLANG_WARN_DOCUMENTATION_COMMENTS = YES;
				CLANG_WARN_EMPTY_BODY = YES;
				CLANG_WARN_ENUM_CONVERSION = YES;
				CLANG_WARN_INFINITE_RECURSION = YES;
				CLANG_WARN_INT_CONVERSION = YES;
				CLANG_WARN_NON_LITERAL_NULL_CONVERSION = YES;
				CLANG_WARN_OBJC_LITERAL_CONVERSION = YES;
				CLANG_WARN_OBJC_ROOT_CLASS = YES_ERROR;
				CLANG_WARN_RANGE_LOOP_ANALYSIS = YES;
				CLANG_WARN_STRICT_PROTOTYPES = YES;
				CLANG_WARN_SUSPICIOUS_MOVE = YES;
				CLANG_WARN_UNGUARDED_AVAILABILITY = YES_AGGRESSIVE;
				CLANG_WARN_UNREACHABLE_CODE = YES;
				CLANG_WARN__DUPLICATE_METHOD_MATCH = YES;
				CODE_SIGN_IDENTITY = "iPhone Developer";
				COPY_PHASE_STRIP = NO;
				DEBUG_INFORMATION_FORMAT = "dwarf-with-dsym";
				ENABLE_NS_ASSERTIONS = NO;
				ENABLE_STRICT_OBJC_MSGSEND = YES;
				GCC_C_LANGUAGE_STANDARD = gnu11;
				GCC_NO_COMMON_BLOCKS = YES;
				GCC_WARN_64_TO_32_BIT_CONVERSION = YES;
				GCC_WARN_ABOUT_RETURN_TYPE = YES_ERROR;
				GCC_WARN_UNDECLARED_SELECTOR = YES;
				GCC_WARN_UNINITIALIZED_AUTOS = YES_AGGRESSIVE;
				GCC_WARN_UNUSED_FUNCTION = YES;
				GCC_WARN_UNUSED_VARIABLE = YES;
				IPHONEOS_DEPLOYMENT_TARGET = 11.2;
				MTL_ENABLE_DEBUG_INFO = NO;
				SDKROOT = iphoneos;
				VALIDATE_PRODUCT = YES;
			};
			name = Release;
		};
		394FA13E20493F7500652643 /* Debug */ = {
			isa = XCBuildConfiguration;
			buildSettings = {
				ASSETCATALOG_COMPILER_APPICON_NAME = AppIcon;
				CODE_SIGN_STYLE = Automatic;
				INFOPLIST_FILE = SHINNDesign/Info.plist;
				LD_RUNPATH_SEARCH_PATHS = "$(inherited) @executable_path/Frameworks";
				PRODUCT_BUNDLE_IDENTIFIER = com.SHINN.SHINNDesign;
				PRODUCT_NAME = "$(TARGET_NAME)";
				TARGETED_DEVICE_FAMILY = "1,2";
			};
			name = Debug;
		};
		394FA13F20493F7500652643 /* Release */ = {
			isa = XCBuildConfiguration;
			buildSettings = {
				ASSETCATALOG_COMPILER_APPICON_NAME = AppIcon;
				CODE_SIGN_STYLE = Automatic;
				INFOPLIST_FILE = SHINNDesign/Info.plist;
				LD_RUNPATH_SEARCH_PATHS = "$(inherited) @executable_path/Frameworks";
				PRODUCT_BUNDLE_IDENTIFIER = com.SHINN.SHINNDesign;
				PRODUCT_NAME = "$(TARGET_NAME)";
				TARGETED_DEVICE_FAMILY = "1,2";
			};
			name = Release;
		};
		394FA14120493F7500652643 /* Debug */ = {
			isa = XCBuildConfiguration;
			buildSettings = {
				BUNDLE_LOADER = "$(TEST_HOST)";
				CODE_SIGN_STYLE = Automatic;
				INFOPLIST_FILE = SHINNDesignTests/Info.plist;
				LD_RUNPATH_SEARCH_PATHS = "$(inherited) @executable_path/Frameworks @loader_path/Frameworks";
				PRODUCT_BUNDLE_IDENTIFIER = com.SHINN.SHINNDesignTests;
				PRODUCT_NAME = "$(TARGET_NAME)";
				TARGETED_DEVICE_FAMILY = "1,2";
				TEST_HOST = "$(BUILT_PRODUCTS_DIR)/SHINNDesign.app/SHINNDesign";
			};
			name = Debug;
		};
		394FA14220493F7500652643 /* Release */ = {
			isa = XCBuildConfiguration;
			buildSettings = {
				BUNDLE_LOADER = "$(TEST_HOST)";
				CODE_SIGN_STYLE = Automatic;
				INFOPLIST_FILE = SHINNDesignTests/Info.plist;
				LD_RUNPATH_SEARCH_PATHS = "$(inherited) @executable_path/Frameworks @loader_path/Frameworks";
				PRODUCT_BUNDLE_IDENTIFIER = com.SHINN.SHINNDesignTests;
				PRODUCT_NAME = "$(TARGET_NAME)";
				TARGETED_DEVICE_FAMILY = "1,2";
				TEST_HOST = "$(BUILT_PRODUCTS_DIR)/SHINNDesign.app/SHINNDesign";
			};
			name = Release;
		};
		394FA14420493F7500652643 /* Debug */ = {
			isa = XCBuildConfiguration;
			buildSettings = {
				CODE_SIGN_STYLE = Automatic;
				INFOPLIST_FILE = SHINNDesignUITests/Info.plist;
				LD_RUNPATH_SEARCH_PATHS = "$(inherited) @executable_path/Frameworks @loader_path/Frameworks";
				PRODUCT_BUNDLE_IDENTIFIER = com.SHINN.SHINNDesignUITests;
				PRODUCT_NAME = "$(TARGET_NAME)";
				TARGETED_DEVICE_FAMILY = "1,2";
				TEST_TARGET_NAME = SHINNDesign;
			};
			name = Debug;
		};
		394FA14520493F7500652643 /* Release */ = {
			isa = XCBuildConfiguration;
			buildSettings = {
				CODE_SIGN_STYLE = Automatic;
				INFOPLIST_FILE = SHINNDesignUITests/Info.plist;
				LD_RUNPATH_SEARCH_PATHS = "$(inherited) @executable_path/Frameworks @loader_path/Frameworks";
				PRODUCT_BUNDLE_IDENTIFIER = com.SHINN.SHINNDesignUITests;
				PRODUCT_NAME = "$(TARGET_NAME)";
				TARGETED_DEVICE_FAMILY = "1,2";
				TEST_TARGET_NAME = SHINNDesign;
			};
			name = Release;
		};
/* End XCBuildConfiguration section */

/* Begin XCConfigurationList section */
		394FA10C20493F7400652643 /* Build configuration list for PBXProject "SHINNDesign" */ = {
			isa = XCConfigurationList;
			buildConfigurations = (
				394FA13B20493F7500652643 /* Debug */,
				394FA13C20493F7500652643 /* Release */,
			);
			defaultConfigurationIsVisible = 0;
			defaultConfigurationName = Release;
		};
		394FA13D20493F7500652643 /* Build configuration list for PBXNativeTarget "SHINNDesign" */ = {
			isa = XCConfigurationList;
			buildConfigurations = (
				394FA13E20493F7500652643 /* Debug */,
				394FA13F20493F7500652643 /* Release */,
			);
			defaultConfigurationIsVisible = 0;
			defaultConfigurationName = Release;
		};
		394FA14020493F7500652643 /* Build configuration list for PBXNativeTarget "SHINNDesignTests" */ = {
			isa = XCConfigurationList;
			buildConfigurations = (
				394FA14120493F7500652643 /* Debug */,
				394FA14220493F7500652643 /* Release */,
			);
			defaultConfigurationIsVisible = 0;
			defaultConfigurationName = Release;
		};
		394FA14320493F7500652643 /* Build configuration list for PBXNativeTarget "SHINNDesignUITests" */ = {
			isa = XCConfigurationList;
			buildConfigurations = (
				394FA14420493F7500652643 /* Debug */,
				394FA14520493F7500652643 /* Release */,
			);
			defaultConfigurationIsVisible = 0;
			defaultConfigurationName = Release;
		};
/* End XCConfigurationList section */
	};
	rootObject = 394FA10920493F7400652643 /* Project object */;
}
